{
    "_meta": {
        "hash": {
            "sha256": "8f519cfa1684fcc0c42d62102b34b2b7b1cdd4ad708a58c30bd8db0f43f2f85b"
        },
        "pipfile-spec": 6,
        "requires": {
            "python_version": "3.10"
        },
        "sources": [
            {
                "name": "pypi",
                "url": "https://pypi.org/simple",
                "verify_ssl": true
            }
        ]
    },
    "default": {
        "pypdf": {
            "hashes": [
                "sha256:3316d9ddfcff5df67ae3cdfe8b945c432aa43e7f970bae7c2a4ab4fe129cd937",
                "sha256:a62daa2a24d5a608ba1b6284dde185317ce3644f89b9ebe5314d0c5d1c9f257d"
            ],
            "index": "pypi",
            "markers": "python_version >= '3.6'",
            "version": "==4.0.2"
        },
        "pypdf2": {
            "hashes": [
                "sha256:a74408f69ba6271f71b9352ef4ed03dc53a31aa404d29b5d31f53bfecfee1440",
                "sha256:d16e4205cfee272fbdc0568b68d82be796540b1537508cef59388f839c191928"
            ],
            "index": "pypi",
            "markers": "python_version >= '3.6'",
            "version": "==3.0.1"
        }
    },
    "develop": {}
}
